
Microsoft Visual Studio Solution File, Format Version 12.00
# Visual Studio 15
VisualStudioVersion = 15.0.27130.2027
MinimumVisualStudioVersion = 10.0.40219.1
Project("{FAE04EC0-301F-11D3-BF4B-00C04F79EFBC}") = "Stats", "FENWICK\Stats.csproj", "{7E9D147D-B8EC-4B91-B74B-27F674491262}"
EndProject
Global
	GlobalSection(SolutionConfigurationPlatforms) = preSolution
		Debug|Any CPU = Debug|Any CPU
		Release|Any CPU = Release|Any CPU
	EndGlobalSection
	GlobalSection(ProjectConfigurationPlatforms) = postSolution
		{7E9D147D-B8EC-4B91-B74B-27F674491262}.Debug|Any CPU.ActiveCfg = Debug|Any CPU
		{7E9D147D-B8EC-4B91-B74B-27F674491262}.Debug|Any CPU.Build.0 = Debug|Any CPU
		{7E9D147D-B8EC-4B91-B74B-27F674491262}.Release|Any CPU.ActiveCfg = Release|Any CPU
		{7E9D147D-B8EC-4B91-B74B-27F674491262}.Release|Any CPU.Build.0 = Release|Any CPU
	EndGlobalSection
	GlobalSection(SolutionProperties) = preSolution
		HideSolutionNode = FALSE
	EndGlobalSection
	GlobalSection(ExtensibilityGlobals) = postSolution
		SolutionGuid = {F4F17CC6-5543-4CFB-86E2-3E76CC259A4A}
	EndGlobalSection
EndGlobal
